{
  "version": 4,
  "terraform_version": "1.10.5",
  "serial": 4,
  "lineage": "25f55fcd-3ef6-1e0d-a447-775ee2a7a665",
  "outputs": {},
  "resources": [
    {
      "mode": "managed",
      "type": "local_file",
      "name": "existing_file",
      "provider": "provider[\"registry.terraform.io/hashicorp/local\"]",
      "instances": [
        {
          "schema_version": 0,
          "attributes": {
            "content": "This content is already existing",
            "content_base64": null,
            "content_base64sha256": "XIPHRkfaEJiiEBgejZy16fnbe+jYUZCT8mszRbpGSKI=",
            "content_base64sha512": "YEmZpPse0UfVbOz+/eyKwUbhYXoTQDmJZd1hU5CO9kZGdiJbV2lmZrZxdKmwndmB7I76hOZ9ZqixdTDzuwXT9Q==",
            "content_md5": "f9346b8a9fbb8aa5a2acfc54e9d01f4c",
            "content_sha1": "c83473fb28e8dd35c11a43c3a3814e795b53cd20",
            "content_sha256": "5c83c74647da1098a210181e8d9cb5e9f9db7be8d8519093f26b3345ba4648a2",
            "content_sha512": "604999a4fb1ed147d56cecfefdec8ac146e1617a1340398965dd6153908ef6464676225b57696666b67174a9b09dd981ec8efa84e67d66a8b17530f3bb05d3f5",
            "directory_permission": "0777",
            "file_permission": "0777",
            "filename": "./local_file/existing_file.txt",
            "id": "c83473fb28e8dd35c11a43c3a3814e795b53cd20",
            "sensitive_content": null,
            "source": null
          },
          "sensitive_attributes": [
            [
              {
                "type": "get_attr",
                "value": "sensitive_content"
              }
            ]
          ]
        }
      ]
    },
    {
      "mode": "managed",
      "type": "local_file",
      "name": "file_to_delete",
      "provider": "provider[\"registry.terraform.io/hashicorp/local\"]",
      "instances": [
        {
          "schema_version": 0,
          "attributes": {
            "content": "This file expected to be deleted",
            "content_base64": null,
            "content_base64sha256": "gjDwD7dDVALnOYAwTOSFbfQSGcAsYx66uqeikyvs/L0=",
            "content_base64sha512": "u3nxnbuweWp1pL7N4rlwfsR9XbGuw8TIyJiS/xEKGFgwhK47Aq8+XmcpDhwty5L/2X+sllT7B1e89/zspdgD/g==",
            "content_md5": "4d96d2167aee2d4c0b19b1dfd7d880ea",
            "content_sha1": "5450909de90f8e72ce0403d11eb42c88fc46a0ea",
            "content_sha256": "8230f00fb7435402e73980304ce4856df41219c02c631ebabaa7a2932becfcbd",
            "content_sha512": "bb79f19dbbb0796a75a4becde2b9707ec47d5db1aec3c4c8c89892ff110a18583084ae3b02af3e5e67290e1c2dcb92ffd97fac9654fb0757bcf7fceca5d803fe",
            "directory_permission": "0777",
            "file_permission": "0777",
            "filename": "./local_file/file_to_delete.txt",
            "id": "5450909de90f8e72ce0403d11eb42c88fc46a0ea",
            "sensitive_content": null,
            "source": null
          },
          "sensitive_attributes": [
            [
              {
                "type": "get_attr",
                "value": "sensitive_content"
              }
            ]
          ]
        }
      ]
    },
    {
      "mode": "managed",
      "type": "local_file",
      "name": "file_to_update",
      "provider": "provider[\"registry.terraform.io/hashicorp/local\"]",
      "instances": [
        {
          "schema_version": 0,
          "attributes": {
            "content": "This file expected to be updated",
            "content_base64": null,
            "content_base64sha256": "fiXrcryxpXZ5EVaxlkJBsx+oGecu87nM4Suwe9g+HZ4=",
            "content_base64sha512": "xv6xwJaLYKx0em6G2/TS0wdgK58G+N019Y8WCy3Sn0Qwe3AhtKiYgP9OfZrD3JzG+opQe0QQ91RJqRebkkzwlA==",
            "content_md5": "9d3d9b6907186f48809f703dab8ee88d",
            "content_sha1": "b1395c2559ee92e8cd9a5a9fa5dca27e4d87d8ea",
            "content_sha256": "7e25eb72bcb1a576791156b1964241b31fa819e72ef3b9cce12bb07bd83e1d9e",
            "content_sha512": "c6feb1c0968b60ac747a6e86dbf4d2d307602b9f06f8dd35f58f160b2dd29f44307b7021b4a89880ff4e7d9ac3dc9cc6fa8a507b4410f75449a9179b924cf094",
            "directory_permission": "0777",
            "file_permission": "0777",
            "filename": "./local_file/file_to_update.txt",
            "id": "b1395c2559ee92e8cd9a5a9fa5dca27e4d87d8ea",
            "sensitive_content": null,
            "source": null
          },
          "sensitive_attributes": [
            [
              {
                "type": "get_attr",
                "value": "sensitive_content"
              }
            ]
          ]
        }
      ]
    }
  ],
  "check_results": null
}
